
Microsoft Visual Studio Solution File, Format Version 12.00
# Visual Studio Version 17
VisualStudioVersion = 17.3.32929.385
MinimumVisualStudioVersion = 10.0.40219.1
Project("{FAE04EC0-301F-11D3-BF4B-00C04F79EFBC}") = "Task1", "Task1\Task1.csproj", "{316DA309-5F9F-4F22-9047-95E7F3AE8957}"
EndProject
Global
	GlobalSection(SolutionConfigurationPlatforms) = preSolution
		Debug|Any CPU = Debug|Any CPU
		Release|Any CPU = Release|Any CPU
	EndGlobalSection
	GlobalSection(ProjectConfigurationPlatforms) = postSolution
		{316DA309-5F9F-4F22-9047-95E7F3AE8957}.Debug|Any CPU.ActiveCfg = Debug|Any CPU
		{316DA309-5F9F-4F22-9047-95E7F3AE8957}.Debug|Any CPU.Build.0 = Debug|Any CPU
		{316DA309-5F9F-4F22-9047-95E7F3AE8957}.Release|Any CPU.ActiveCfg = Release|Any CPU
		{316DA309-5F9F-4F22-9047-95E7F3AE8957}.Release|Any CPU.Build.0 = Release|Any CPU
	EndGlobalSection
	GlobalSection(SolutionProperties) = preSolution
		HideSolutionNode = FALSE
	EndGlobalSection
	GlobalSection(ExtensibilityGlobals) = postSolution
		SolutionGuid = {11292569-A4FC-40B3-81C4-2EFF2159FB47}
	EndGlobalSection
EndGlobal
